
Microsoft Visual Studio Solution File, Format Version 12.00
# Visual Studio Version 17
VisualStudioVersion = 17.9.34607.119
MinimumVisualStudioVersion = 10.0.40219.1
Project("{FAE04EC0-301F-11D3-BF4B-00C04F79EFBC}") = "ChatAppService.WebAPI", "ChatAppService.WebAPI\ChatAppService.WebAPI.csproj", "{A89DF16D-313D-48C4-B157-88F6FA185089}"
EndProject
Global
	GlobalSection(SolutionConfigurationPlatforms) = preSolution
		Debug|Any CPU = Debug|Any CPU
		Release|Any CPU = Release|Any CPU
	EndGlobalSection
	GlobalSection(ProjectConfigurationPlatforms) = postSolution
		{A89DF16D-313D-48C4-B157-88F6FA185089}.Debug|Any CPU.ActiveCfg = Debug|Any CPU
		{A89DF16D-313D-48C4-B157-88F6FA185089}.Debug|Any CPU.Build.0 = Debug|Any CPU
		{A89DF16D-313D-48C4-B157-88F6FA185089}.Release|Any CPU.ActiveCfg = Release|Any CPU
		{A89DF16D-313D-48C4-B157-88F6FA185089}.Release|Any CPU.Build.0 = Release|Any CPU
	EndGlobalSection
	GlobalSection(SolutionProperties) = preSolution
		HideSolutionNode = FALSE
	EndGlobalSection
	GlobalSection(ExtensibilityGlobals) = postSolution
		SolutionGuid = {D44F7846-4FD6-4A28-AEFE-DFF14E16F740}
	EndGlobalSection
EndGlobal
